
Microsoft Visual Studio Solution File, Format Version 12.00
# Visual Studio Version 17
VisualStudioVersion = 17.2.32526.322
MinimumVisualStudioVersion = 10.0.40219.1
Project("{FAE04EC0-301F-11D3-BF4B-00C04F79EFBC}") = "FileLibrary", "FileLibrary\FileLibrary.csproj", "{3164E996-E48E-4FD7-941B-453CA1655730}"
EndProject
Global
	GlobalSection(SolutionConfigurationPlatforms) = preSolution
		Debug|Any CPU = Debug|Any CPU
		Release|Any CPU = Release|Any CPU
	EndGlobalSection
	GlobalSection(ProjectConfigurationPlatforms) = postSolution
		{3164E996-E48E-4FD7-941B-453CA1655730}.Debug|Any CPU.ActiveCfg = Debug|Any CPU
		{3164E996-E48E-4FD7-941B-453CA1655730}.Debug|Any CPU.Build.0 = Debug|Any CPU
		{3164E996-E48E-4FD7-941B-453CA1655730}.Release|Any CPU.ActiveCfg = Release|Any CPU
		{3164E996-E48E-4FD7-941B-453CA1655730}.Release|Any CPU.Build.0 = Release|Any CPU
	EndGlobalSection
	GlobalSection(SolutionProperties) = preSolution
		HideSolutionNode = FALSE
	EndGlobalSection
	GlobalSection(ExtensibilityGlobals) = postSolution
		SolutionGuid = {3BCC221F-6EEE-480A-9119-188D49A49D68}
	EndGlobalSection
EndGlobal
